
Microsoft Visual Studio Solution File, Format Version 12.00
# Visual Studio 14
VisualStudioVersion = 14.0.25420.1
MinimumVisualStudioVersion = 10.0.40219.1
Project("{FAE04EC0-301F-11D3-BF4B-00C04F79EFBC}") = "DDevOps03", "DDevOps03\DDevOps03.csproj", "{788EB1B7-E739-46D6-978D-EE4C60CB49CB}"
EndProject
Project("{151D2E53-A2C4-4D7D-83FE-D05416EBD58E}") = "DDevOps03RG", "DDevOps03RG\DDevOps03RG.deployproj", "{CAD336A6-4236-41E4-A2EF-438F43AC4255}"
EndProject
Global
	GlobalSection(SolutionConfigurationPlatforms) = preSolution
		Debug|Any CPU = Debug|Any CPU
		Release|Any CPU = Release|Any CPU
	EndGlobalSection
	GlobalSection(ProjectConfigurationPlatforms) = postSolution
		{788EB1B7-E739-46D6-978D-EE4C60CB49CB}.Debug|Any CPU.ActiveCfg = Debug|Any CPU
		{788EB1B7-E739-46D6-978D-EE4C60CB49CB}.Debug|Any CPU.Build.0 = Debug|Any CPU
		{788EB1B7-E739-46D6-978D-EE4C60CB49CB}.Release|Any CPU.ActiveCfg = Release|Any CPU
		{788EB1B7-E739-46D6-978D-EE4C60CB49CB}.Release|Any CPU.Build.0 = Release|Any CPU
		{CAD336A6-4236-41E4-A2EF-438F43AC4255}.Debug|Any CPU.ActiveCfg = Debug|Any CPU
		{CAD336A6-4236-41E4-A2EF-438F43AC4255}.Debug|Any CPU.Build.0 = Debug|Any CPU
		{CAD336A6-4236-41E4-A2EF-438F43AC4255}.Release|Any CPU.ActiveCfg = Release|Any CPU
		{CAD336A6-4236-41E4-A2EF-438F43AC4255}.Release|Any CPU.Build.0 = Release|Any CPU
	EndGlobalSection
	GlobalSection(SolutionProperties) = preSolution
		HideSolutionNode = FALSE
	EndGlobalSection
EndGlobal
